
Microsoft Visual Studio Solution File, Format Version 12.00
# Visual Studio 15
VisualStudioVersion = 15.0.27130.2036
MinimumVisualStudioVersion = 10.0.40219.1
Project("{FAE04EC0-301F-11D3-BF4B-00C04F79EFBC}") = "lab2", "lab2\lab2.csproj", "{243AF12E-2DBA-46E4-95E5-408A2C3B1A10}"
EndProject
Global
	GlobalSection(SolutionConfigurationPlatforms) = preSolution
		Debug|Any CPU = Debug|Any CPU
		Release|Any CPU = Release|Any CPU
	EndGlobalSection
	GlobalSection(ProjectConfigurationPlatforms) = postSolution
		{243AF12E-2DBA-46E4-95E5-408A2C3B1A10}.Debug|Any CPU.ActiveCfg = Debug|Any CPU
		{243AF12E-2DBA-46E4-95E5-408A2C3B1A10}.Debug|Any CPU.Build.0 = Debug|Any CPU
		{243AF12E-2DBA-46E4-95E5-408A2C3B1A10}.Release|Any CPU.ActiveCfg = Release|Any CPU
		{243AF12E-2DBA-46E4-95E5-408A2C3B1A10}.Release|Any CPU.Build.0 = Release|Any CPU
	EndGlobalSection
	GlobalSection(SolutionProperties) = preSolution
		HideSolutionNode = FALSE
	EndGlobalSection
	GlobalSection(ExtensibilityGlobals) = postSolution
		SolutionGuid = {C4DC63E6-E7E0-43A4-99E7-B2C2F97545D0}
	EndGlobalSection
EndGlobal
